// !$*UTF8*$!
{
	archiveVersion = 1;
	classes = {
	};
	objectVersion = 77;
	objects = {

/* Begin PBXContainerItemProxy section */
		CBB1BBAB2DEC88C80051F7B7 /* PBXContainerItemProxy */ = {
			isa = PBXContainerItemProxy;
			containerPortal = CBB1BB8C2DEC88C60051F7B7 /* Project object */;
			proxyType = 1;
			remoteGlobalIDString = CBB1BB932DEC88C60051F7B7;
			remoteInfo = demo_animationCreditCards;
		};
		CBB1BBB52DEC88C80051F7B7 /* PBXContainerItemProxy */ = {
			isa = PBXContainerItemProxy;
			containerPortal = CBB1BB8C2DEC88C60051F7B7 /* Project object */;
			proxyType = 1;
			remoteGlobalIDString = CBB1BB932DEC88C60051F7B7;
			remoteInfo = demo_animationCreditCards;
		};
/* End PBXContainerItemProxy section */

/* Begin PBXFileReference section */
		CBB1BB942DEC88C60051F7B7 /* demo_animationCreditCards.app */ = {isa = PBXFileReference; explicitFileType = wrapper.application; includeInIndex = 0; path = demo_animationCreditCards.app; sourceTree = BUILT_PRODUCTS_DIR; };
		CBB1BBAA2DEC88C80051F7B7 /* demo_animationCreditCardsTests.xctest */ = {isa = PBXFileReference; explicitFileType = wrapper.cfbundle; includeInIndex = 0; path = demo_animationCreditCardsTests.xctest; sourceTree = BUILT_PRODUCTS_DIR; };
		CBB1BBB42DEC88C80051F7B7 /* demo_animationCreditCardsUITests.xctest */ = {isa = PBXFileReference; explicitFileType = wrapper.cfbundle; includeInIndex = 0; path = demo_animationCreditCardsUITests.xctest; sourceTree = BUILT_PRODUCTS_DIR; };
/* End PBXFileReference section */

/* Begin PBXFileSystemSynchronizedBuildFileExceptionSet section */
		CBB1BBBC2DEC88C80051F7B7 /* Exceptions for "demo_animationCreditCards" folder in "demo_animationCreditCards" target */ = {
			isa = PBXFileSystemSynchronizedBuildFileExceptionSet;
			membershipExceptions = (
				Info.plist,
			);
			target = CBB1BB932DEC88C60051F7B7 /* demo_animationCreditCards */;
		};
/* End PBXFileSystemSynchronizedBuildFileExceptionSet section */

/* Begin PBXFileSystemSynchronizedRootGroup section */
		CBB1BB962DEC88C60051F7B7 /* demo_animationCreditCards */ = {
			isa = PBXFileSystemSynchronizedRootGroup;
			exceptions = (
				CBB1BBBC2DEC88C80051F7B7 /* Exceptions for "demo_animationCreditCards" folder in "demo_animationCreditCards" target */,
			);
			path = demo_animationCreditCards;
			sourceTree = "<group>";
		};
		CBB1BBAD2DEC88C80051F7B7 /* demo_animationCreditCardsTests */ = {
			isa = PBXFileSystemSynchronizedRootGroup;
			path = demo_animationCreditCardsTests;
			sourceTree = "<group>";
		};
		CBB1BBB72DEC88C80051F7B7 /* demo_animationCreditCardsUITests */ = {
			isa = PBXFileSystemSynchronizedRootGroup;
			path = demo_animationCreditCardsUITests;
			sourceTree = "<group>";
		};
/* End PBXFileSystemSynchronizedRootGroup section */

/* Begin PBXFrameworksBuildPhase section */
		CBB1BB912DEC88C60051F7B7 /* Frameworks */ = {
			isa = PBXFrameworksBuildPhase;
			buildActionMask = 2147483647;
			files = (
			);
			runOnlyForDeploymentPostprocessing = 0;
		};
		CBB1BBA72DEC88C80051F7B7 /* Frameworks */ = {
			isa = PBXFrameworksBuildPhase;
			buildActionMask = 2147483647;
			files = (
			);
			runOnlyForDeploymentPostprocessing = 0;
		};
		CBB1BBB12DEC88C80051F7B7 /* Frameworks */ = {
			isa = PBXFrameworksBuildPhase;
			buildActionMask = 2147483647;
			files = (
			);
			runOnlyForDeploymentPostprocessing = 0;
		};
/* End PBXFrameworksBuildPhase section */

/* Begin PBXGroup section */
		CBB1BB8B2DEC88C60051F7B7 = {
			isa = PBXGroup;
			children = (
				CBB1BB962DEC88C60051F7B7 /* demo_animationCreditCards */,
				CBB1BBAD2DEC88C80051F7B7 /* demo_animationCreditCardsTests */,
				CBB1BBB72DEC88C80051F7B7 /* demo_animationCreditCardsUITests */,
				CBB1BB952DEC88C60051F7B7 /* Products */,
			);
			sourceTree = "<group>";
		};
		CBB1BB952DEC88C60051F7B7 /* Products */ = {
			isa = PBXGroup;
			children = (
				CBB1BB942DEC88C60051F7B7 /* demo_animationCreditCards.app */,
				CBB1BBAA2DEC88C80051F7B7 /* demo_animationCreditCardsTests.xctest */,
				CBB1BBB42DEC88C80051F7B7 /* demo_animationCreditCardsUITests.xctest */,
			);
			name = Products;
			sourceTree = "<group>";
		};
/* End PBXGroup section */

/* Begin PBXNativeTarget section */
		CBB1BB932DEC88C60051F7B7 /* demo_animationCreditCards */ = {
			isa = PBXNativeTarget;
			buildConfigurationList = CBB1BBBD2DEC88C80051F7B7 /* Build configuration list for PBXNativeTarget "demo_animationCreditCards" */;
			buildPhases = (
				CBB1BB902DEC88C60051F7B7 /* Sources */,
				CBB1BB912DEC88C60051F7B7 /* Frameworks */,
				CBB1BB922DEC88C60051F7B7 /* Resources */,
			);
			buildRules = (
			);
			dependencies = (
			);
			fileSystemSynchronizedGroups = (
				CBB1BB962DEC88C60051F7B7 /* demo_animationCreditCards */,
			);
			name = demo_animationCreditCards;
			packageProductDependencies = (
			);
			productName = demo_animationCreditCards;
			productReference = CBB1BB942DEC88C60051F7B7 /* demo_animationCreditCards.app */;
			productType = "com.apple.product-type.application";
		};
		CBB1BBA92DEC88C80051F7B7 /* demo_animationCreditCardsTests */ = {
			isa = PBXNativeTarget;
			buildConfigurationList = CBB1BBC22DEC88C80051F7B7 /* Build configuration list for PBXNativeTarget "demo_animationCreditCardsTests" */;
			buildPhases = (
				CBB1BBA62DEC88C80051F7B7 /* Sources */,
				CBB1BBA72DEC88C80051F7B7 /* Frameworks */,
				CBB1BBA82DEC88C80051F7B7 /* Resources */,
			);
			buildRules = (
			);
			dependencies = (
				CBB1BBAC2DEC88C80051F7B7 /* PBXTargetDependency */,
			);
			fileSystemSynchronizedGroups = (
				CBB1BBAD2DEC88C80051F7B7 /* demo_animationCreditCardsTests */,
			);
			name = demo_animationCreditCardsTests;
			packageProductDependencies = (
			);
			productName = demo_animationCreditCardsTests;
			productReference = CBB1BBAA2DEC88C80051F7B7 /* demo_animationCreditCardsTests.xctest */;
			productType = "com.apple.product-type.bundle.unit-test";
		};
		CBB1BBB32DEC88C80051F7B7 /* demo_animationCreditCardsUITests */ = {
			isa = PBXNativeTarget;
			buildConfigurationList = CBB1BBC52DEC88C80051F7B7 /* Build configuration list for PBXNativeTarget "demo_animationCreditCardsUITests" */;
			buildPhases = (
				CBB1BBB02DEC88C80051F7B7 /* Sources */,
				CBB1BBB12DEC88C80051F7B7 /* Frameworks */,
				CBB1BBB22DEC88C80051F7B7 /* Resources */,
			);
			buildRules = (
			);
			dependencies = (
				CBB1BBB62DEC88C80051F7B7 /* PBXTargetDependency */,
			);
			fileSystemSynchronizedGroups = (
				CBB1BBB72DEC88C80051F7B7 /* demo_animationCreditCardsUITests */,
			);
			name = demo_animationCreditCardsUITests;
			packageProductDependencies = (
			);
			productName = demo_animationCreditCardsUITests;
			productReference = CBB1BBB42DEC88C80051F7B7 /* demo_animationCreditCardsUITests.xctest */;
			productType = "com.apple.product-type.bundle.ui-testing";
		};
/* End PBXNativeTarget section */

/* Begin PBXProject section */
		CBB1BB8C2DEC88C60051F7B7 /* Project object */ = {
			isa = PBXProject;
			attributes = {
				BuildIndependentTargetsInParallel = 1;
				LastSwiftUpdateCheck = 1630;
				LastUpgradeCheck = 1630;
				TargetAttributes = {
					CBB1BB932DEC88C60051F7B7 = {
						CreatedOnToolsVersion = 16.3;
					};
					CBB1BBA92DEC88C80051F7B7 = {
						CreatedOnToolsVersion = 16.3;
						TestTargetID = CBB1BB932DEC88C60051F7B7;
					};
					CBB1BBB32DEC88C80051F7B7 = {
						CreatedOnToolsVersion = 16.3;
						TestTargetID = CBB1BB932DEC88C60051F7B7;
					};
				};
			};
			buildConfigurationList = CBB1BB8F2DEC88C60051F7B7 /* Build configuration list for PBXProject "demo_animationCreditCards" */;
			developmentRegion = en;
			hasScannedForEncodings = 0;
			knownRegions = (
				en,
				Base,
			);
			mainGroup = CBB1BB8B2DEC88C60051F7B7;
			minimizedProjectReferenceProxies = 1;
			preferredProjectObjectVersion = 77;
			productRefGroup = CBB1BB952DEC88C60051F7B7 /* Products */;
			projectDirPath = "";
			projectRoot = "";
			targets = (
				CBB1BB932DEC88C60051F7B7 /* demo_animationCreditCards */,
				CBB1BBA92DEC88C80051F7B7 /* demo_animationCreditCardsTests */,
				CBB1BBB32DEC88C80051F7B7 /* demo_animationCreditCardsUITests */,
			);
		};
/* End PBXProject section */

/* Begin PBXResourcesBuildPhase section */
		CBB1BB922DEC88C60051F7B7 /* Resources */ = {
			isa = PBXResourcesBuildPhase;
			buildActionMask = 2147483647;
			files = (
			);
			runOnlyForDeploymentPostprocessing = 0;
		};
		CBB1BBA82DEC88C80051F7B7 /* Resources */ = {
			isa = PBXResourcesBuildPhase;
			buildActionMask = 2147483647;
			files = (
			);
			runOnlyForDeploymentPostprocessing = 0;
		};
		CBB1BBB22DEC88C80051F7B7 /* Resources */ = {
			isa = PBXResourcesBuildPhase;
			buildActionMask = 2147483647;
			files = (
			);
			runOnlyForDeploymentPostprocessing = 0;
		};
/* End PBXResourcesBuildPhase section */

/* Begin PBXSourcesBuildPhase section */
		CBB1BB902DEC88C60051F7B7 /* Sources */ = {
			isa = PBXSourcesBuildPhase;
			buildActionMask = 2147483647;
			files = (
			);
			runOnlyForDeploymentPostprocessing = 0;
		};
		CBB1BBA62DEC88C80051F7B7 /* Sources */ = {
			isa = PBXSourcesBuildPhase;
			buildActionMask = 2147483647;
			files = (
			);
			runOnlyForDeploymentPostprocessing = 0;
		};
		CBB1BBB02DEC88C80051F7B7 /* Sources */ = {
			isa = PBXSourcesBuildPhase;
			buildActionMask = 2147483647;
			files = (
			);
			runOnlyForDeploymentPostprocessing = 0;
		};
/* End PBXSourcesBuildPhase section */

/* Begin PBXTargetDependency section */
		CBB1BBAC2DEC88C80051F7B7 /* PBXTargetDependency */ = {
			isa = PBXTargetDependency;
			target = CBB1BB932DEC88C60051F7B7 /* demo_animationCreditCards */;
			targetProxy = CBB1BBAB2DEC88C80051F7B7 /* PBXContainerItemProxy */;
		};
		CBB1BBB62DEC88C80051F7B7 /* PBXTargetDependency */ = {
			isa = PBXTargetDependency;
			target = CBB1BB932DEC88C60051F7B7 /* demo_animationCreditCards */;
			targetProxy = CBB1BBB52DEC88C80051F7B7 /* PBXContainerItemProxy */;
		};
/* End PBXTargetDependency section */

/* Begin XCBuildConfiguration section */
		CBB1BBBE2DEC88C80051F7B7 /* Debug */ = {
			isa = XCBuildConfiguration;
			buildSettings = {
				ASSETCATALOG_COMPILER_APPICON_NAME = AppIcon;
				ASSETCATALOG_COMPILER_GLOBAL_ACCENT_COLOR_NAME = AccentColor;
				CODE_SIGN_STYLE = Automatic;
				CURRENT_PROJECT_VERSION = 1;
				GENERATE_INFOPLIST_FILE = YES;
				INFOPLIST_FILE = demo_animationCreditCards/Info.plist;
				INFOPLIST_KEY_UIApplicationSupportsIndirectInputEvents = YES;
				INFOPLIST_KEY_UILaunchStoryboardName = LaunchScreen;
				INFOPLIST_KEY_UIMainStoryboardFile = Main;
				INFOPLIST_KEY_UISupportedInterfaceOrientations_iPad = "UIInterfaceOrientationPortrait UIInterfaceOrientationPortraitUpsideDown UIInterfaceOrientationLandscapeLeft UIInterfaceOrientationLandscapeRight";
				INFOPLIST_KEY_UISupportedInterfaceOrientations_iPhone = "UIInterfaceOrientationPortrait UIInterfaceOrientationLandscapeLeft UIInterfaceOrientationLandscapeRight";
				LD_RUNPATH_SEARCH_PATHS = (
					"$(inherited)",
					"@executable_path/Frameworks",
				);
				MARKETING_VERSION = 1.0;
				PRODUCT_BUNDLE_IDENTIFIER = "demo.demo-animationCreditCards";
				PRODUCT_NAME = "$(TARGET_NAME)";
				SWIFT_EMIT_LOC_STRINGS = YES;
				SWIFT_VERSION = 5.0;
				TARGETED_DEVICE_FAMILY = "1,2";
			};
			name = Debug;
		};
		CBB1BBBF2DEC88C80051F7B7 /* Release */ = {
			isa = XCBuildConfiguration;
			buildSettings = {
				ASSETCATALOG_COMPILER_APPICON_NAME = AppIcon;
				ASSETCATALOG_COMPILER_GLOBAL_ACCENT_COLOR_NAME = AccentColor;
				CODE_SIGN_STYLE = Automatic;
				CURRENT_PROJECT_VERSION = 1;
				GENERATE_INFOPLIST_FILE = YES;
				INFOPLIST_FILE = demo_animationCreditCards/Info.plist;
				INFOPLIST_KEY_UIApplicationSupportsIndirectInputEvents = YES;
				INFOPLIST_KEY_UILaunchStoryboardName = LaunchScreen;
				INFOPLIST_KEY_UIMainStoryboardFile = Main;
				INFOPLIST_KEY_UISupportedInterfaceOrientations_iPad = "UIInterfaceOrientationPortrait UIInterfaceOrientationPortraitUpsideDown UIInterfaceOrientationLandscapeLeft UIInterfaceOrientationLandscapeRight";
				INFOPLIST_KEY_UISupportedInterfaceOrientations_iPhone = "UIInterfaceOrientationPortrait UIInterfaceOrientationLandscapeLeft UIInterfaceOrientationLandscapeRight";
				LD_RUNPATH_SEARCH_PATHS = (
					"$(inherited)",
					"@executable_path/Frameworks",
				);
				MARKETING_VERSION = 1.0;
				PRODUCT_BUNDLE_IDENTIFIER = "demo.demo-animationCreditCards";
				PRODUCT_NAME = "$(TARGET_NAME)";
				SWIFT_EMIT_LOC_STRINGS = YES;
				SWIFT_VERSION = 5.0;
				TARGETED_DEVICE_FAMILY = "1,2";
			};
			name = Release;
		};
		CBB1BBC02DEC88C80051F7B7 /* Debug */ = {
			isa = XCBuildConfiguration;
			buildSettings = {
				ALWAYS_SEARCH_USER_PATHS = NO;
				ASSETCATALOG_COMPILER_GENERATE_SWIFT_ASSET_SYMBOL_EXTENSIONS = YES;
				CLANG_ANALYZER_NONNULL = YES;
				CLANG_ANALYZER_NUMBER_OBJECT_CONVERSION = YES_AGGRESSIVE;
				CLANG_CXX_LANGUAGE_STANDARD = "gnu++20";
				CLANG_ENABLE_MODULES = YES;
				CLANG_ENABLE_OBJC_ARC = YES;
				CLANG_ENABLE_OBJC_WEAK = YES;
				CLANG_WARN_BLOCK_CAPTURE_AUTORELEASING = YES;
				CLANG_WARN_BOOL_CONVERSION = YES;
				CLANG_WARN_COMMA = YES;
				CLANG_WARN_CONSTANT_CONVERSION = YES;
				CLANG_WARN_DEPRECATED_OBJC_IMPLEMENTATIONS = YES;
				CLANG_WARN_DIRECT_OBJC_ISA_USAGE = YES_ERROR;
				CLANG_WARN_DOCUMENTATION_COMMENTS = YES;
				CLANG_WARN_EMPTY_BODY = YES;
				CLANG_WARN_ENUM_CONVERSION = YES;
				CLANG_WARN_INFINITE_RECURSION = YES;
				CLANG_WARN_INT_CONVERSION = YES;
				CLANG_WARN_NON_LITERAL_NULL_CONVERSION = YES;
				CLANG_WARN_OBJC_IMPLICIT_RETAIN_SELF = YES;
				CLANG_WARN_OBJC_LITERAL_CONVERSION = YES;
				CLANG_WARN_OBJC_ROOT_CLASS = YES_ERROR;
				CLANG_WARN_QUOTED_INCLUDE_IN_FRAMEWORK_HEADER = YES;
				CLANG_WARN_RANGE_LOOP_ANALYSIS = YES;
				CLANG_WARN_STRICT_PROTOTYPES = YES;
				CLANG_WARN_SUSPICIOUS_MOVE = YES;
				CLANG_WARN_UNGUARDED_AVAILABILITY = YES_AGGRESSIVE;
				CLANG_WARN_UNREACHABLE_CODE = YES;
				CLANG_WARN__DUPLICATE_METHOD_MATCH = YES;
				COPY_PHASE_STRIP = NO;
				DEBUG_INFORMATION_FORMAT = dwarf;
				ENABLE_STRICT_OBJC_MSGSEND = YES;
				ENABLE_TESTABILITY = YES;
				ENABLE_USER_SCRIPT_SANDBOXING = YES;
				GCC_C_LANGUAGE_STANDARD = gnu17;
				GCC_DYNAMIC_NO_PIC = NO;
				GCC_NO_COMMON_BLOCKS = YES;
				GCC_OPTIMIZATION_LEVEL = 0;
				GCC_PREPROCESSOR_DEFINITIONS = (
					"DEBUG=1",
					"$(inherited)",
				);
				GCC_WARN_64_TO_32_BIT_CONVERSION = YES;
				GCC_WARN_ABOUT_RETURN_TYPE = YES_ERROR;
				GCC_WARN_UNDECLARED_SELECTOR = YES;
				GCC_WARN_UNINITIALIZED_AUTOS = YES_AGGRESSIVE;
				GCC_WARN_UNUSED_FUNCTION = YES;
				GCC_WARN_UNUSED_VARIABLE = YES;
				IPHONEOS_DEPLOYMENT_TARGET = 18.4;
				LOCALIZATION_PREFERS_STRING_CATALOGS = YES;
				MTL_ENABLE_DEBUG_INFO = INCLUDE_SOURCE;
				MTL_FAST_MATH = YES;
				ONLY_ACTIVE_ARCH = YES;
				SDKROOT = iphoneos;
				SWIFT_ACTIVE_COMPILATION_CONDITIONS = "DEBUG $(inherited)";
				SWIFT_OPTIMIZATION_LEVEL = "-Onone";
			};
			name = Debug;
		};
		CBB1BBC12DEC88C80051F7B7 /* Release */ = {
			isa = XCBuildConfiguration;
			buildSettings = {
				ALWAYS_SEARCH_USER_PATHS = NO;
				ASSETCATALOG_COMPILER_GENERATE_SWIFT_ASSET_SYMBOL_EXTENSIONS = YES;
				CLANG_ANALYZER_NONNULL = YES;
				CLANG_ANALYZER_NUMBER_OBJECT_CONVERSION = YES_AGGRESSIVE;
				CLANG_CXX_LANGUAGE_STANDARD = "gnu++20";
				CLANG_ENABLE_MODULES = YES;
				CLANG_ENABLE_OBJC_ARC = YES;
				CLANG_ENABLE_OBJC_WEAK = YES;
				CLANG_WARN_BLOCK_CAPTURE_AUTORELEASING = YES;
				CLANG_WARN_BOOL_CONVERSION = YES;
				CLANG_WARN_COMMA = YES;
				CLANG_WARN_CONSTANT_CONVERSION = YES;
				CLANG_WARN_DEPRECATED_OBJC_IMPLEMENTATIONS = YES;
				CLANG_WARN_DIRECT_OBJC_ISA_USAGE = YES_ERROR;
				CLANG_WARN_DOCUMENTATION_COMMENTS = YES;
				CLANG_WARN_EMPTY_BODY = YES;
				CLANG_WARN_ENUM_CONVERSION = YES;
				CLANG_WARN_INFINITE_RECURSION = YES;
				CLANG_WARN_INT_CONVERSION = YES;
				CLANG_WARN_NON_LITERAL_NULL_CONVERSION = YES;
				CLANG_WARN_OBJC_IMPLICIT_RETAIN_SELF = YES;
				CLANG_WARN_OBJC_LITERAL_CONVERSION = YES;
				CLANG_WARN_OBJC_ROOT_CLASS = YES_ERROR;
				CLANG_WARN_QUOTED_INCLUDE_IN_FRAMEWORK_HEADER = YES;
				CLANG_WARN_RANGE_LOOP_ANALYSIS = YES;
				CLANG_WARN_STRICT_PROTOTYPES = YES;
				CLANG_WARN_SUSPICIOUS_MOVE = YES;
				CLANG_WARN_UNGUARDED_AVAILABILITY = YES_AGGRESSIVE;
				CLANG_WARN_UNREACHABLE_CODE = YES;
				CLANG_WARN__DUPLICATE_METHOD_MATCH = YES;
				COPY_PHASE_STRIP = NO;
				DEBUG_INFORMATION_FORMAT = "dwarf-with-dsym";
				ENABLE_NS_ASSERTIONS = NO;
				ENABLE_STRICT_OBJC_MSGSEND = YES;
				ENABLE_USER_SCRIPT_SANDBOXING = YES;
				GCC_C_LANGUAGE_STANDARD = gnu17;
				GCC_NO_COMMON_BLOCKS = YES;
				GCC_WARN_64_TO_32_BIT_CONVERSION = YES;
				GCC_WARN_ABOUT_RETURN_TYPE = YES_ERROR;
				GCC_WARN_UNDECLARED_SELECTOR = YES;
				GCC_WARN_UNINITIALIZED_AUTOS = YES_AGGRESSIVE;
				GCC_WARN_UNUSED_FUNCTION = YES;
				GCC_WARN_UNUSED_VARIABLE = YES;
				IPHONEOS_DEPLOYMENT_TARGET = 18.4;
				LOCALIZATION_PREFERS_STRING_CATALOGS = YES;
				MTL_ENABLE_DEBUG_INFO = NO;
				MTL_FAST_MATH = YES;
				SDKROOT = iphoneos;
				SWIFT_COMPILATION_MODE = wholemodule;
				VALIDATE_PRODUCT = YES;
			};
			name = Release;
		};
		CBB1BBC32DEC88C80051F7B7 /* Debug */ = {
			isa = XCBuildConfiguration;
			buildSettings = {
				BUNDLE_LOADER = "$(TEST_HOST)";
				CODE_SIGN_STYLE = Automatic;
				CURRENT_PROJECT_VERSION = 1;
				GENERATE_INFOPLIST_FILE = YES;
				IPHONEOS_DEPLOYMENT_TARGET = 18.4;
				MARKETING_VERSION = 1.0;
				PRODUCT_BUNDLE_IDENTIFIER = "demo.demo-animationCreditCardsTests";
				PRODUCT_NAME = "$(TARGET_NAME)";
				SWIFT_EMIT_LOC_STRINGS = NO;
				SWIFT_VERSION = 5.0;
				TARGETED_DEVICE_FAMILY = "1,2";
				TEST_HOST = "$(BUILT_PRODUCTS_DIR)/demo_animationCreditCards.app/$(BUNDLE_EXECUTABLE_FOLDER_PATH)/demo_animationCreditCards";
			};
			name = Debug;
		};
		CBB1BBC42DEC88C80051F7B7 /* Release */ = {
			isa = XCBuildConfiguration;
			buildSettings = {
				BUNDLE_LOADER = "$(TEST_HOST)";
				CODE_SIGN_STYLE = Automatic;
				CURRENT_PROJECT_VERSION = 1;
				GENERATE_INFOPLIST_FILE = YES;
				IPHONEOS_DEPLOYMENT_TARGET = 18.4;
				MARKETING_VERSION = 1.0;
				PRODUCT_BUNDLE_IDENTIFIER = "demo.demo-animationCreditCardsTests";
				PRODUCT_NAME = "$(TARGET_NAME)";
				SWIFT_EMIT_LOC_STRINGS = NO;
				SWIFT_VERSION = 5.0;
				TARGETED_DEVICE_FAMILY = "1,2";
				TEST_HOST = "$(BUILT_PRODUCTS_DIR)/demo_animationCreditCards.app/$(BUNDLE_EXECUTABLE_FOLDER_PATH)/demo_animationCreditCards";
			};
			name = Release;
		};
		CBB1BBC62DEC88C80051F7B7 /* Debug */ = {
			isa = XCBuildConfiguration;
			buildSettings = {
				CODE_SIGN_STYLE = Automatic;
				CURRENT_PROJECT_VERSION = 1;
				GENERATE_INFOPLIST_FILE = YES;
				MARKETING_VERSION = 1.0;
				PRODUCT_BUNDLE_IDENTIFIER = "demo.demo-animationCreditCardsUITests";
				PRODUCT_NAME = "$(TARGET_NAME)";
				SWIFT_EMIT_LOC_STRINGS = NO;
				SWIFT_VERSION = 5.0;
				TARGETED_DEVICE_FAMILY = "1,2";
				TEST_TARGET_NAME = demo_animationCreditCards;
			};
			name = Debug;
		};
		CBB1BBC72DEC88C80051F7B7 /* Release */ = {
			isa = XCBuildConfiguration;
			buildSettings = {
				CODE_SIGN_STYLE = Automatic;
				CURRENT_PROJECT_VERSION = 1;
				GENERATE_INFOPLIST_FILE = YES;
				MARKETING_VERSION = 1.0;
				PRODUCT_BUNDLE_IDENTIFIER = "demo.demo-animationCreditCardsUITests";
				PRODUCT_NAME = "$(TARGET_NAME)";
				SWIFT_EMIT_LOC_STRINGS = NO;
				SWIFT_VERSION = 5.0;
				TARGETED_DEVICE_FAMILY = "1,2";
				TEST_TARGET_NAME = demo_animationCreditCards;
			};
			name = Release;
		};
/* End XCBuildConfiguration section */

/* Begin XCConfigurationList section */
		CBB1BB8F2DEC88C60051F7B7 /* Build configuration list for PBXProject "demo_animationCreditCards" */ = {
			isa = XCConfigurationList;
			buildConfigurations = (
				CBB1BBC02DEC88C80051F7B7 /* Debug */,
				CBB1BBC12DEC88C80051F7B7 /* Release */,
			);
			defaultConfigurationIsVisible = 0;
			defaultConfigurationName = Release;
		};
		CBB1BBBD2DEC88C80051F7B7 /* Build configuration list for PBXNativeTarget "demo_animationCreditCards" */ = {
			isa = XCConfigurationList;
			buildConfigurations = (
				CBB1BBBE2DEC88C80051F7B7 /* Debug */,
				CBB1BBBF2DEC88C80051F7B7 /* Release */,
			);
			defaultConfigurationIsVisible = 0;
			defaultConfigurationName = Release;
		};
		CBB1BBC22DEC88C80051F7B7 /* Build configuration list for PBXNativeTarget "demo_animationCreditCardsTests" */ = {
			isa = XCConfigurationList;
			buildConfigurations = (
				CBB1BBC32DEC88C80051F7B7 /* Debug */,
				CBB1BBC42DEC88C80051F7B7 /* Release */,
			);
			defaultConfigurationIsVisible = 0;
			defaultConfigurationName = Release;
		};
		CBB1BBC52DEC88C80051F7B7 /* Build configuration list for PBXNativeTarget "demo_animationCreditCardsUITests" */ = {
			isa = XCConfigurationList;
			buildConfigurations = (
				CBB1BBC62DEC88C80051F7B7 /* Debug */,
				CBB1BBC72DEC88C80051F7B7 /* Release */,
			);
			defaultConfigurationIsVisible = 0;
			defaultConfigurationName = Release;
		};
/* End XCConfigurationList section */
	};
	rootObject = CBB1BB8C2DEC88C60051F7B7 /* Project object */;
}
